// !$*UTF8*$!
{
	archiveVersion = 1;
	classes = {
	};
	objectVersion = 56;
	objects = {

/* Begin PBXBuildFile section */
		490C54292C6A76100097C024 /* AlabamaKeyboardApp.swift in Sources */ = {isa = PBXBuildFile; fileRef = 490C54282C6A76100097C024 /* AlabamaKeyboardApp.swift */; };
		490C542B2C6A76100097C024 /* ContentView.swift in Sources */ = {isa = PBXBuildFile; fileRef = 490C542A2C6A76100097C024 /* ContentView.swift */; };
		490C542D2C6A76110097C024 /* Assets.xcassets in Resources */ = {isa = PBXBuildFile; fileRef = 490C542C2C6A76110097C024 /* Assets.xcassets */; };
		490C54302C6A76110097C024 /* Preview Assets.xcassets in Resources */ = {isa = PBXBuildFile; fileRef = 490C542F2C6A76110097C024 /* Preview Assets.xcassets */; };
		490C543A2C6A76110097C024 /* AlabamaKeyboardTests.swift in Sources */ = {isa = PBXBuildFile; fileRef = 490C54392C6A76110097C024 /* AlabamaKeyboardTests.swift */; };
		490C54442C6A76110097C024 /* AlabamaKeyboardUITests.swift in Sources */ = {isa = PBXBuildFile; fileRef = 490C54432C6A76110097C024 /* AlabamaKeyboardUITests.swift */; };
		490C54462C6A76110097C024 /* AlabamaKeyboardUITestsLaunchTests.swift in Sources */ = {isa = PBXBuildFile; fileRef = 490C54452C6A76110097C024 /* AlabamaKeyboardUITestsLaunchTests.swift */; };
/* End PBXBuildFile section */

/* Begin PBXContainerItemProxy section */
		490C54362C6A76110097C024 /* PBXContainerItemProxy */ = {
			isa = PBXContainerItemProxy;
			containerPortal = 490C541D2C6A76100097C024 /* Project object */;
			proxyType = 1;
			remoteGlobalIDString = 490C54242C6A76100097C024;
			remoteInfo = AlabamaKeyboard;
		};
		490C54402C6A76110097C024 /* PBXContainerItemProxy */ = {
			isa = PBXContainerItemProxy;
			containerPortal = 490C541D2C6A76100097C024 /* Project object */;
			proxyType = 1;
			remoteGlobalIDString = 490C54242C6A76100097C024;
			remoteInfo = AlabamaKeyboard;
		};
/* End PBXContainerItemProxy section */

/* Begin PBXFileReference section */
		490C54252C6A76100097C024 /* AlabamaKeyboard.app */ = {isa = PBXFileReference; explicitFileType = wrapper.application; includeInIndex = 0; path = AlabamaKeyboard.app; sourceTree = BUILT_PRODUCTS_DIR; };
		490C54282C6A76100097C024 /* AlabamaKeyboardApp.swift */ = {isa = PBXFileReference; lastKnownFileType = sourcecode.swift; path = AlabamaKeyboardApp.swift; sourceTree = "<group>"; };
		490C542A2C6A76100097C024 /* ContentView.swift */ = {isa = PBXFileReference; lastKnownFileType = sourcecode.swift; path = ContentView.swift; sourceTree = "<group>"; };
		490C542C2C6A76110097C024 /* Assets.xcassets */ = {isa = PBXFileReference; lastKnownFileType = folder.assetcatalog; path = Assets.xcassets; sourceTree = "<group>"; };
		490C542F2C6A76110097C024 /* Preview Assets.xcassets */ = {isa = PBXFileReference; lastKnownFileType = folder.assetcatalog; path = "Preview Assets.xcassets"; sourceTree = "<group>"; };
		490C54352C6A76110097C024 /* AlabamaKeyboardTests.xctest */ = {isa = PBXFileReference; explicitFileType = wrapper.cfbundle; includeInIndex = 0; path = AlabamaKeyboardTests.xctest; sourceTree = BUILT_PRODUCTS_DIR; };
		490C54392C6A76110097C024 /* AlabamaKeyboardTests.swift */ = {isa = PBXFileReference; lastKnownFileType = sourcecode.swift; path = AlabamaKeyboardTests.swift; sourceTree = "<group>"; };
		490C543F2C6A76110097C024 /* AlabamaKeyboardUITests.xctest */ = {isa = PBXFileReference; explicitFileType = wrapper.cfbundle; includeInIndex = 0; path = AlabamaKeyboardUITests.xctest; sourceTree = BUILT_PRODUCTS_DIR; };
		490C54432C6A76110097C024 /* AlabamaKeyboardUITests.swift */ = {isa = PBXFileReference; lastKnownFileType = sourcecode.swift; path = AlabamaKeyboardUITests.swift; sourceTree = "<group>"; };
		490C54452C6A76110097C024 /* AlabamaKeyboardUITestsLaunchTests.swift */ = {isa = PBXFileReference; lastKnownFileType = sourcecode.swift; path = AlabamaKeyboardUITestsLaunchTests.swift; sourceTree = "<group>"; };
/* End PBXFileReference section */

/* Begin PBXFrameworksBuildPhase section */
		490C54222C6A76100097C024 /* Frameworks */ = {
			isa = PBXFrameworksBuildPhase;
			buildActionMask = 2147483647;
			files = (
			);
			runOnlyForDeploymentPostprocessing = 0;
		};
		490C54322C6A76110097C024 /* Frameworks */ = {
			isa = PBXFrameworksBuildPhase;
			buildActionMask = 2147483647;
			files = (
			);
			runOnlyForDeploymentPostprocessing = 0;
		};
		490C543C2C6A76110097C024 /* Frameworks */ = {
			isa = PBXFrameworksBuildPhase;
			buildActionMask = 2147483647;
			files = (
			);
			runOnlyForDeploymentPostprocessing = 0;
		};
/* End PBXFrameworksBuildPhase section */

/* Begin PBXGroup section */
		490C541C2C6A76100097C024 = {
			isa = PBXGroup;
			children = (
				490C54272C6A76100097C024 /* AlabamaKeyboard */,
				490C54382C6A76110097C024 /* AlabamaKeyboardTests */,
				490C54422C6A76110097C024 /* AlabamaKeyboardUITests */,
				490C54262C6A76100097C024 /* Products */,
			);
			sourceTree = "<group>";
		};
		490C54262C6A76100097C024 /* Products */ = {
			isa = PBXGroup;
			children = (
				490C54252C6A76100097C024 /* AlabamaKeyboard.app */,
				490C54352C6A76110097C024 /* AlabamaKeyboardTests.xctest */,
				490C543F2C6A76110097C024 /* AlabamaKeyboardUITests.xctest */,
			);
			name = Products;
			sourceTree = "<group>";
		};
		490C54272C6A76100097C024 /* AlabamaKeyboard */ = {
			isa = PBXGroup;
			children = (
				490C54282C6A76100097C024 /* AlabamaKeyboardApp.swift */,
				490C542A2C6A76100097C024 /* ContentView.swift */,
				490C542C2C6A76110097C024 /* Assets.xcassets */,
				490C542E2C6A76110097C024 /* Preview Content */,
			);
			path = AlabamaKeyboard;
			sourceTree = "<group>";
		};
		490C542E2C6A76110097C024 /* Preview Content */ = {
			isa = PBXGroup;
			children = (
				490C542F2C6A76110097C024 /* Preview Assets.xcassets */,
			);
			path = "Preview Content";
			sourceTree = "<group>";
		};
		490C54382C6A76110097C024 /* AlabamaKeyboardTests */ = {
			isa = PBXGroup;
			children = (
				490C54392C6A76110097C024 /* AlabamaKeyboardTests.swift */,
			);
			path = AlabamaKeyboardTests;
			sourceTree = "<group>";
		};
		490C54422C6A76110097C024 /* AlabamaKeyboardUITests */ = {
			isa = PBXGroup;
			children = (
				490C54432C6A76110097C024 /* AlabamaKeyboardUITests.swift */,
				490C54452C6A76110097C024 /* AlabamaKeyboardUITestsLaunchTests.swift */,
			);
			path = AlabamaKeyboardUITests;
			sourceTree = "<group>";
		};
/* End PBXGroup section */

/* Begin PBXNativeTarget section */
		490C54242C6A76100097C024 /* AlabamaKeyboard */ = {
			isa = PBXNativeTarget;
			buildConfigurationList = 490C54492C6A76110097C024 /* Build configuration list for PBXNativeTarget "AlabamaKeyboard" */;
			buildPhases = (
				490C54212C6A76100097C024 /* Sources */,
				490C54222C6A76100097C024 /* Frameworks */,
				490C54232C6A76100097C024 /* Resources */,
			);
			buildRules = (
			);
			dependencies = (
			);
			name = AlabamaKeyboard;
			productName = AlabamaKeyboard;
			productReference = 490C54252C6A76100097C024 /* AlabamaKeyboard.app */;
			productType = "com.apple.product-type.application";
		};
		490C54342C6A76110097C024 /* AlabamaKeyboardTests */ = {
			isa = PBXNativeTarget;
			buildConfigurationList = 490C544C2C6A76110097C024 /* Build configuration list for PBXNativeTarget "AlabamaKeyboardTests" */;
			buildPhases = (
				490C54312C6A76110097C024 /* Sources */,
				490C54322C6A76110097C024 /* Frameworks */,
				490C54332C6A76110097C024 /* Resources */,
			);
			buildRules = (
			);
			dependencies = (
				490C54372C6A76110097C024 /* PBXTargetDependency */,
			);
			name = AlabamaKeyboardTests;
			productName = AlabamaKeyboardTests;
			productReference = 490C54352C6A76110097C024 /* AlabamaKeyboardTests.xctest */;
			productType = "com.apple.product-type.bundle.unit-test";
		};
		490C543E2C6A76110097C024 /* AlabamaKeyboardUITests */ = {
			isa = PBXNativeTarget;
			buildConfigurationList = 490C544F2C6A76110097C024 /* Build configuration list for PBXNativeTarget "AlabamaKeyboardUITests" */;
			buildPhases = (
				490C543B2C6A76110097C024 /* Sources */,
				490C543C2C6A76110097C024 /* Frameworks */,
				490C543D2C6A76110097C024 /* Resources */,
			);
			buildRules = (
			);
			dependencies = (
				490C54412C6A76110097C024 /* PBXTargetDependency */,
			);
			name = AlabamaKeyboardUITests;
			productName = AlabamaKeyboardUITests;
			productReference = 490C543F2C6A76110097C024 /* AlabamaKeyboardUITests.xctest */;
			productType = "com.apple.product-type.bundle.ui-testing";
		};
/* End PBXNativeTarget section */

/* Begin PBXProject section */
		490C541D2C6A76100097C024 /* Project object */ = {
			isa = PBXProject;
			attributes = {
				BuildIndependentTargetsInParallel = 1;
				LastSwiftUpdateCheck = 1500;
				LastUpgradeCheck = 1500;
				TargetAttributes = {
					490C54242C6A76100097C024 = {
						CreatedOnToolsVersion = 15.0.1;
					};
					490C54342C6A76110097C024 = {
						CreatedOnToolsVersion = 15.0.1;
						TestTargetID = 490C54242C6A76100097C024;
					};
					490C543E2C6A76110097C024 = {
						CreatedOnToolsVersion = 15.0.1;
						TestTargetID = 490C54242C6A76100097C024;
					};
				};
			};
			buildConfigurationList = 490C54202C6A76100097C024 /* Build configuration list for PBXProject "AlabamaKeyboard" */;
			compatibilityVersion = "Xcode 14.0";
			developmentRegion = en;
			hasScannedForEncodings = 0;
			knownRegions = (
				en,
				Base,
			);
			mainGroup = 490C541C2C6A76100097C024;
			productRefGroup = 490C54262C6A76100097C024 /* Products */;
			projectDirPath = "";
			projectRoot = "";
			targets = (
				490C54242C6A76100097C024 /* AlabamaKeyboard */,
				490C54342C6A76110097C024 /* AlabamaKeyboardTests */,
				490C543E2C6A76110097C024 /* AlabamaKeyboardUITests */,
			);
		};
/* End PBXProject section */

/* Begin PBXResourcesBuildPhase section */
		490C54232C6A76100097C024 /* Resources */ = {
			isa = PBXResourcesBuildPhase;
			buildActionMask = 2147483647;
			files = (
				490C54302C6A76110097C024 /* Preview Assets.xcassets in Resources */,
				490C542D2C6A76110097C024 /* Assets.xcassets in Resources */,
			);
			runOnlyForDeploymentPostprocessing = 0;
		};
		490C54332C6A76110097C024 /* Resources */ = {
			isa = PBXResourcesBuildPhase;
			buildActionMask = 2147483647;
			files = (
			);
			runOnlyForDeploymentPostprocessing = 0;
		};
		490C543D2C6A76110097C024 /* Resources */ = {
			isa = PBXResourcesBuildPhase;
			buildActionMask = 2147483647;
			files = (
			);
			runOnlyForDeploymentPostprocessing = 0;
		};
/* End PBXResourcesBuildPhase section */

/* Begin PBXSourcesBuildPhase section */
		490C54212C6A76100097C024 /* Sources */ = {
			isa = PBXSourcesBuildPhase;
			buildActionMask = 2147483647;
			files = (
				490C542B2C6A76100097C024 /* ContentView.swift in Sources */,
				490C54292C6A76100097C024 /* AlabamaKeyboardApp.swift in Sources */,
			);
			runOnlyForDeploymentPostprocessing = 0;
		};
		490C54312C6A76110097C024 /* Sources */ = {
			isa = PBXSourcesBuildPhase;
			buildActionMask = 2147483647;
			files = (
				490C543A2C6A76110097C024 /* AlabamaKeyboardTests.swift in Sources */,
			);
			runOnlyForDeploymentPostprocessing = 0;
		};
		490C543B2C6A76110097C024 /* Sources */ = {
			isa = PBXSourcesBuildPhase;
			buildActionMask = 2147483647;
			files = (
				490C54442C6A76110097C024 /* AlabamaKeyboardUITests.swift in Sources */,
				490C54462C6A76110097C024 /* AlabamaKeyboardUITestsLaunchTests.swift in Sources */,
			);
			runOnlyForDeploymentPostprocessing = 0;
		};
/* End PBXSourcesBuildPhase section */

/* Begin PBXTargetDependency section */
		490C54372C6A76110097C024 /* PBXTargetDependency */ = {
			isa = PBXTargetDependency;
			target = 490C54242C6A76100097C024 /* AlabamaKeyboard */;
			targetProxy = 490C54362C6A76110097C024 /* PBXContainerItemProxy */;
		};
		490C54412C6A76110097C024 /* PBXTargetDependency */ = {
			isa = PBXTargetDependency;
			target = 490C54242C6A76100097C024 /* AlabamaKeyboard */;
			targetProxy = 490C54402C6A76110097C024 /* PBXContainerItemProxy */;
		};
/* End PBXTargetDependency section */

/* Begin XCBuildConfiguration section */
		490C54472C6A76110097C024 /* Debug */ = {
			isa = XCBuildConfiguration;
			buildSettings = {
				ALWAYS_SEARCH_USER_PATHS = NO;
				ASSETCATALOG_COMPILER_GENERATE_SWIFT_ASSET_SYMBOL_EXTENSIONS = YES;
				CLANG_ANALYZER_NONNULL = YES;
				CLANG_ANALYZER_NUMBER_OBJECT_CONVERSION = YES_AGGRESSIVE;
				CLANG_CXX_LANGUAGE_STANDARD = "gnu++20";
				CLANG_ENABLE_MODULES = YES;
				CLANG_ENABLE_OBJC_ARC = YES;
				CLANG_ENABLE_OBJC_WEAK = YES;
				CLANG_WARN_BLOCK_CAPTURE_AUTORELEASING = YES;
				CLANG_WARN_BOOL_CONVERSION = YES;
				CLANG_WARN_COMMA = YES;
				CLANG_WARN_CONSTANT_CONVERSION = YES;
				CLANG_WARN_DEPRECATED_OBJC_IMPLEMENTATIONS = YES;
				CLANG_WARN_DIRECT_OBJC_ISA_USAGE = YES_ERROR;
				CLANG_WARN_DOCUMENTATION_COMMENTS = YES;
				CLANG_WARN_EMPTY_BODY = YES;
				CLANG_WARN_ENUM_CONVERSION = YES;
				CLANG_WARN_INFINITE_RECURSION = YES;
				CLANG_WARN_INT_CONVERSION = YES;
				CLANG_WARN_NON_LITERAL_NULL_CONVERSION = YES;
				CLANG_WARN_OBJC_IMPLICIT_RETAIN_SELF = YES;
				CLANG_WARN_OBJC_LITERAL_CONVERSION = YES;
				CLANG_WARN_OBJC_ROOT_CLASS = YES_ERROR;
				CLANG_WARN_QUOTED_INCLUDE_IN_FRAMEWORK_HEADER = YES;
				CLANG_WARN_RANGE_LOOP_ANALYSIS = YES;
				CLANG_WARN_STRICT_PROTOTYPES = YES;
				CLANG_WARN_SUSPICIOUS_MOVE = YES;
				CLANG_WARN_UNGUARDED_AVAILABILITY = YES_AGGRESSIVE;
				CLANG_WARN_UNREACHABLE_CODE = YES;
				CLANG_WARN__DUPLICATE_METHOD_MATCH = YES;
				COPY_PHASE_STRIP = NO;
				DEBUG_INFORMATION_FORMAT = dwarf;
				ENABLE_STRICT_OBJC_MSGSEND = YES;
				ENABLE_TESTABILITY = YES;
				ENABLE_USER_SCRIPT_SANDBOXING = YES;
				GCC_C_LANGUAGE_STANDARD = gnu17;
				GCC_DYNAMIC_NO_PIC = NO;
				GCC_NO_COMMON_BLOCKS = YES;
				GCC_OPTIMIZATION_LEVEL = 0;
				GCC_PREPROCESSOR_DEFINITIONS = (
					"DEBUG=1",
					"$(inherited)",
				);
				GCC_WARN_64_TO_32_BIT_CONVERSION = YES;
				GCC_WARN_ABOUT_RETURN_TYPE = YES_ERROR;
				GCC_WARN_UNDECLARED_SELECTOR = YES;
				GCC_WARN_UNINITIALIZED_AUTOS = YES_AGGRESSIVE;
				GCC_WARN_UNUSED_FUNCTION = YES;
				GCC_WARN_UNUSED_VARIABLE = YES;
				IPHONEOS_DEPLOYMENT_TARGET = 17.0;
				LOCALIZATION_PREFERS_STRING_CATALOGS = YES;
				MTL_ENABLE_DEBUG_INFO = INCLUDE_SOURCE;
				MTL_FAST_MATH = YES;
				ONLY_ACTIVE_ARCH = YES;
				SDKROOT = iphoneos;
				SWIFT_ACTIVE_COMPILATION_CONDITIONS = "DEBUG $(inherited)";
				SWIFT_OPTIMIZATION_LEVEL = "-Onone";
			};
			name = Debug;
		};
		490C54482C6A76110097C024 /* Release */ = {
			isa = XCBuildConfiguration;
			buildSettings = {
				ALWAYS_SEARCH_USER_PATHS = NO;
				ASSETCATALOG_COMPILER_GENERATE_SWIFT_ASSET_SYMBOL_EXTENSIONS = YES;
				CLANG_ANALYZER_NONNULL = YES;
				CLANG_ANALYZER_NUMBER_OBJECT_CONVERSION = YES_AGGRESSIVE;
				CLANG_CXX_LANGUAGE_STANDARD = "gnu++20";
				CLANG_ENABLE_MODULES = YES;
				CLANG_ENABLE_OBJC_ARC = YES;
				CLANG_ENABLE_OBJC_WEAK = YES;
				CLANG_WARN_BLOCK_CAPTURE_AUTORELEASING = YES;
				CLANG_WARN_BOOL_CONVERSION = YES;
				CLANG_WARN_COMMA = YES;
				CLANG_WARN_CONSTANT_CONVERSION = YES;
				CLANG_WARN_DEPRECATED_OBJC_IMPLEMENTATIONS = YES;
				CLANG_WARN_DIRECT_OBJC_ISA_USAGE = YES_ERROR;
				CLANG_WARN_DOCUMENTATION_COMMENTS = YES;
				CLANG_WARN_EMPTY_BODY = YES;
				CLANG_WARN_ENUM_CONVERSION = YES;
				CLANG_WARN_INFINITE_RECURSION = YES;
				CLANG_WARN_INT_CONVERSION = YES;
				CLANG_WARN_NON_LITERAL_NULL_CONVERSION = YES;
				CLANG_WARN_OBJC_IMPLICIT_RETAIN_SELF = YES;
				CLANG_WARN_OBJC_LITERAL_CONVERSION = YES;
				CLANG_WARN_OBJC_ROOT_CLASS = YES_ERROR;
				CLANG_WARN_QUOTED_INCLUDE_IN_FRAMEWORK_HEADER = YES;
				CLANG_WARN_RANGE_LOOP_ANALYSIS = YES;
				CLANG_WARN_STRICT_PROTOTYPES = YES;
				CLANG_WARN_SUSPICIOUS_MOVE = YES;
				CLANG_WARN_UNGUARDED_AVAILABILITY = YES_AGGRESSIVE;
				CLANG_WARN_UNREACHABLE_CODE = YES;
				CLANG_WARN__DUPLICATE_METHOD_MATCH = YES;
				COPY_PHASE_STRIP = NO;
				DEBUG_INFORMATION_FORMAT = "dwarf-with-dsym";
				ENABLE_NS_ASSERTIONS = NO;
				ENABLE_STRICT_OBJC_MSGSEND = YES;
				ENABLE_USER_SCRIPT_SANDBOXING = YES;
				GCC_C_LANGUAGE_STANDARD = gnu17;
				GCC_NO_COMMON_BLOCKS = YES;
				GCC_WARN_64_TO_32_BIT_CONVERSION = YES;
				GCC_WARN_ABOUT_RETURN_TYPE = YES_ERROR;
				GCC_WARN_UNDECLARED_SELECTOR = YES;
				GCC_WARN_UNINITIALIZED_AUTOS = YES_AGGRESSIVE;
				GCC_WARN_UNUSED_FUNCTION = YES;
				GCC_WARN_UNUSED_VARIABLE = YES;
				IPHONEOS_DEPLOYMENT_TARGET = 17.0;
				LOCALIZATION_PREFERS_STRING_CATALOGS = YES;
				MTL_ENABLE_DEBUG_INFO = NO;
				MTL_FAST_MATH = YES;
				SDKROOT = iphoneos;
				SWIFT_COMPILATION_MODE = wholemodule;
				VALIDATE_PRODUCT = YES;
			};
			name = Release;
		};
		490C544A2C6A76110097C024 /* Debug */ = {
			isa = XCBuildConfiguration;
			buildSettings = {
				ASSETCATALOG_COMPILER_APPICON_NAME = AppIcon;
				ASSETCATALOG_COMPILER_GLOBAL_ACCENT_COLOR_NAME = AccentColor;
				CODE_SIGN_STYLE = Automatic;
				CURRENT_PROJECT_VERSION = 1;
				DEVELOPMENT_ASSET_PATHS = "\"AlabamaKeyboard/Preview Content\"";
				DEVELOPMENT_TEAM = 42JWN7H6YR;
				ENABLE_PREVIEWS = YES;
				GENERATE_INFOPLIST_FILE = YES;
				INFOPLIST_KEY_UIApplicationSceneManifest_Generation = YES;
				INFOPLIST_KEY_UIApplicationSupportsIndirectInputEvents = YES;
				INFOPLIST_KEY_UILaunchScreen_Generation = YES;
				INFOPLIST_KEY_UISupportedInterfaceOrientations_iPad = "UIInterfaceOrientationPortrait UIInterfaceOrientationPortraitUpsideDown UIInterfaceOrientationLandscapeLeft UIInterfaceOrientationLandscapeRight";
				INFOPLIST_KEY_UISupportedInterfaceOrientations_iPhone = "UIInterfaceOrientationPortrait UIInterfaceOrientationLandscapeLeft UIInterfaceOrientationLandscapeRight";
				LD_RUNPATH_SEARCH_PATHS = (
					"$(inherited)",
					"@executable_path/Frameworks",
				);
				MARKETING_VERSION = 1.0;
				PRODUCT_BUNDLE_IDENTIFIER = "Harvard-University.AlabamaKeyboard";
				PRODUCT_NAME = "$(TARGET_NAME)";
				SWIFT_EMIT_LOC_STRINGS = YES;
				SWIFT_VERSION = 5.0;
				TARGETED_DEVICE_FAMILY = "1,2";
			};
			name = Debug;
		};
		490C544B2C6A76110097C024 /* Release */ = {
			isa = XCBuildConfiguration;
			buildSettings = {
				ASSETCATALOG_COMPILER_APPICON_NAME = AppIcon;
				ASSETCATALOG_COMPILER_GLOBAL_ACCENT_COLOR_NAME = AccentColor;
				CODE_SIGN_STYLE = Automatic;
				CURRENT_PROJECT_VERSION = 1;
				DEVELOPMENT_ASSET_PATHS = "\"AlabamaKeyboard/Preview Content\"";
				DEVELOPMENT_TEAM = 42JWN7H6YR;
				ENABLE_PREVIEWS = YES;
				GENERATE_INFOPLIST_FILE = YES;
				INFOPLIST_KEY_UIApplicationSceneManifest_Generation = YES;
				INFOPLIST_KEY_UIApplicationSupportsIndirectInputEvents = YES;
				INFOPLIST_KEY_UILaunchScreen_Generation = YES;
				INFOPLIST_KEY_UISupportedInterfaceOrientations_iPad = "UIInterfaceOrientationPortrait UIInterfaceOrientationPortraitUpsideDown UIInterfaceOrientationLandscapeLeft UIInterfaceOrientationLandscapeRight";
				INFOPLIST_KEY_UISupportedInterfaceOrientations_iPhone = "UIInterfaceOrientationPortrait UIInterfaceOrientationLandscapeLeft UIInterfaceOrientationLandscapeRight";
				LD_RUNPATH_SEARCH_PATHS = (
					"$(inherited)",
					"@executable_path/Frameworks",
				);
				MARKETING_VERSION = 1.0;
				PRODUCT_BUNDLE_IDENTIFIER = "Harvard-University.AlabamaKeyboard";
				PRODUCT_NAME = "$(TARGET_NAME)";
				SWIFT_EMIT_LOC_STRINGS = YES;
				SWIFT_VERSION = 5.0;
				TARGETED_DEVICE_FAMILY = "1,2";
			};
			name = Release;
		};
		490C544D2C6A76110097C024 /* Debug */ = {
			isa = XCBuildConfiguration;
			buildSettings = {
				ALWAYS_EMBED_SWIFT_STANDARD_LIBRARIES = YES;
				BUNDLE_LOADER = "$(TEST_HOST)";
				CODE_SIGN_STYLE = Automatic;
				CURRENT_PROJECT_VERSION = 1;
				DEVELOPMENT_TEAM = 42JWN7H6YR;
				GENERATE_INFOPLIST_FILE = YES;
				IPHONEOS_DEPLOYMENT_TARGET = 17.0;
				MARKETING_VERSION = 1.0;
				PRODUCT_BUNDLE_IDENTIFIER = "Harvard-University.AlabamaKeyboardTests";
				PRODUCT_NAME = "$(TARGET_NAME)";
				SWIFT_EMIT_LOC_STRINGS = NO;
				SWIFT_VERSION = 5.0;
				TARGETED_DEVICE_FAMILY = "1,2";
				TEST_HOST = "$(BUILT_PRODUCTS_DIR)/AlabamaKeyboard.app/$(BUNDLE_EXECUTABLE_FOLDER_PATH)/AlabamaKeyboard";
			};
			name = Debug;
		};
		490C544E2C6A76110097C024 /* Release */ = {
			isa = XCBuildConfiguration;
			buildSettings = {
				ALWAYS_EMBED_SWIFT_STANDARD_LIBRARIES = YES;
				BUNDLE_LOADER = "$(TEST_HOST)";
				CODE_SIGN_STYLE = Automatic;
				CURRENT_PROJECT_VERSION = 1;
				DEVELOPMENT_TEAM = 42JWN7H6YR;
				GENERATE_INFOPLIST_FILE = YES;
				IPHONEOS_DEPLOYMENT_TARGET = 17.0;
				MARKETING_VERSION = 1.0;
				PRODUCT_BUNDLE_IDENTIFIER = "Harvard-University.AlabamaKeyboardTests";
				PRODUCT_NAME = "$(TARGET_NAME)";
				SWIFT_EMIT_LOC_STRINGS = NO;
				SWIFT_VERSION = 5.0;
				TARGETED_DEVICE_FAMILY = "1,2";
				TEST_HOST = "$(BUILT_PRODUCTS_DIR)/AlabamaKeyboard.app/$(BUNDLE_EXECUTABLE_FOLDER_PATH)/AlabamaKeyboard";
			};
			name = Release;
		};
		490C54502C6A76110097C024 /* Debug */ = {
			isa = XCBuildConfiguration;
			buildSettings = {
				ALWAYS_EMBED_SWIFT_STANDARD_LIBRARIES = YES;
				CODE_SIGN_STYLE = Automatic;
				CURRENT_PROJECT_VERSION = 1;
				DEVELOPMENT_TEAM = 42JWN7H6YR;
				GENERATE_INFOPLIST_FILE = YES;
				MARKETING_VERSION = 1.0;
				PRODUCT_BUNDLE_IDENTIFIER = "Harvard-University.AlabamaKeyboardUITests";
				PRODUCT_NAME = "$(TARGET_NAME)";
				SWIFT_EMIT_LOC_STRINGS = NO;
				SWIFT_VERSION = 5.0;
				TARGETED_DEVICE_FAMILY = "1,2";
				TEST_TARGET_NAME = AlabamaKeyboard;
			};
			name = Debug;
		};
		490C54512C6A76110097C024 /* Release */ = {
			isa = XCBuildConfiguration;
			buildSettings = {
				ALWAYS_EMBED_SWIFT_STANDARD_LIBRARIES = YES;
				CODE_SIGN_STYLE = Automatic;
				CURRENT_PROJECT_VERSION = 1;
				DEVELOPMENT_TEAM = 42JWN7H6YR;
				GENERATE_INFOPLIST_FILE = YES;
				MARKETING_VERSION = 1.0;
				PRODUCT_BUNDLE_IDENTIFIER = "Harvard-University.AlabamaKeyboardUITests";
				PRODUCT_NAME = "$(TARGET_NAME)";
				SWIFT_EMIT_LOC_STRINGS = NO;
				SWIFT_VERSION = 5.0;
				TARGETED_DEVICE_FAMILY = "1,2";
				TEST_TARGET_NAME = AlabamaKeyboard;
			};
			name = Release;
		};
/* End XCBuildConfiguration section */

/* Begin XCConfigurationList section */
		490C54202C6A76100097C024 /* Build configuration list for PBXProject "AlabamaKeyboard" */ = {
			isa = XCConfigurationList;
			buildConfigurations = (
				490C54472C6A76110097C024 /* Debug */,
				490C54482C6A76110097C024 /* Release */,
			);
			defaultConfigurationIsVisible = 0;
			defaultConfigurationName = Release;
		};
		490C54492C6A76110097C024 /* Build configuration list for PBXNativeTarget "AlabamaKeyboard" */ = {
			isa = XCConfigurationList;
			buildConfigurations = (
				490C544A2C6A76110097C024 /* Debug */,
				490C544B2C6A76110097C024 /* Release */,
			);
			defaultConfigurationIsVisible = 0;
			defaultConfigurationName = Release;
		};
		490C544C2C6A76110097C024 /* Build configuration list for PBXNativeTarget "AlabamaKeyboardTests" */ = {
			isa = XCConfigurationList;
			buildConfigurations = (
				490C544D2C6A76110097C024 /* Debug */,
				490C544E2C6A76110097C024 /* Release */,
			);
			defaultConfigurationIsVisible = 0;
			defaultConfigurationName = Release;
		};
		490C544F2C6A76110097C024 /* Build configuration list for PBXNativeTarget "AlabamaKeyboardUITests" */ = {
			isa = XCConfigurationList;
			buildConfigurations = (
				490C54502C6A76110097C024 /* Debug */,
				490C54512C6A76110097C024 /* Release */,
			);
			defaultConfigurationIsVisible = 0;
			defaultConfigurationName = Release;
		};
/* End XCConfigurationList section */
	};
	rootObject = 490C541D2C6A76100097C024 /* Project object */;
}
